lockfileVersion: '9.0'

settings:
  autoInstallPeers: true
  excludeLinksFromLockfile: false

importers:

  .: {}

  packages/react:
    dependencies:
      react:
        specifier: '>=18'
        version: 19.2.4

  packages/solid:
    dependencies:
      solid-js:
        specifier: '>=1.8'
        version: 1.9.11

  packages/svelte:
    dependencies:
      svelte:
        specifier: '>=4'
        version: 5.50.3

  packages/vue:
    dependencies:
      vue:
        specifier: '>=3.3'
        version: 3.5.28

packages:

  '@babel/helper-string-parser@7.27.1':
    resolution: {integrity: sha512-qMlSxKbpRlAridDExk92nSobyDdpPijUq2DW6oDnUqd0iOGxmQjyqhMIihI9+zv4LPyZdRje2cavWPbCbWm3eA==}
    engines: {node: '>=6.9.0'}

  '@babel/helper-validator-identifier@7.28.5':
    resolution: {integrity: sha512-qSs4ifwzKJSV39ucNjsvc6WVHs6b7S03sOh2OcHF9UHfVPqWWALUsNUVzhSBiItjRZoLHx7nIarVjqKVusUZ1Q==}
    engines: {node: '>=6.9.0'}

  '@babel/parser@7.29.0':
    resolution: {integrity: sha512-IyDgFV5GeDUVX4YdF/3CPULtVGSXXMLh1xVIgdCgxApktqnQV0r7/8Nqthg+8YLGaAtdyIlo2qIdZrbCv4+7ww==}
    engines: {node: '>=6.0.0'}
    hasBin: true

  '@babel/types@7.29.0':
    resolution: {integrity: sha512-LwdZHpScM4Qz8Xw2iKSzS+cfglZzJGvofQICy7W7v4caru4EaAmyUuO6BGrbyQ2mYV11W0U8j5mBhd14dd3B0A==}
    engines: {node: '>=6.9.0'}

  '@jridgewell/gen-mapping@0.3.13':
    resolution: {integrity: sha512-2kkt/7niJ6MgEPxF0bYdQ6etZaA+fQvDcLKckhy1yIQOzaoKjBBjSj63/aLVjYE3qhRt5dvM+uUyfCg6UKCBbA==}

  '@jridgewell/remapping@2.3.5':
    resolution: {integrity: sha512-LI9u/+laYG4Ds1TDKSJW2YPrIlcVYOwi2fUC6xB43lueCjgxV4lffOCZCtYFiH6TNOX+tQKXx97T4IKHbhyHEQ==}

  '@jridgewell/resolve-uri@3.1.2':
    resolution: {integrity: sha512-bRISgCIjP20/tbWSPWMEi54QVPRZExkuD9lJL+UIxUKtwVJA8wW1Trb1jMs1RFXo1CBTNZ/5hpC9QvmKWdopKw==}
    engines: {node: '>=6.0.0'}

  '@jridgewell/sourcemap-codec@1.5.5':
    resolution: {integrity: sha512-cYQ9310grqxueWbl+WuIUIaiUaDcj7WOq5fVhEljNVgRfOUhY9fy2zTvfoqWsnebh8Sl70VScFbICvJnLKB0Og==}

  '@jridgewell/trace-mapping@0.3.31':
    resolution: {integrity: sha512-zzNR+SdQSDJzc8joaeP8QQoCQr8NuYx2dIIytl1QeBEZHJ9uW6hebsrYgbz8hJwUQao3TWCMtmfV8Nu1twOLAw==}

  '@sveltejs/acorn-typescript@1.0.9':
    resolution: {integrity: sha512-lVJX6qEgs/4DOcRTpo56tmKzVPtoWAaVbL4hfO7t7NVwl9AAXzQR6cihesW1BmNMPl+bK6dreu2sOKBP2Q9CIA==}
    peerDependencies:
      acorn: ^8.9.0

  '@types/estree@1.0.8':
    resolution: {integrity: sha512-dWHzHa2WqEXI/O1E9OjrocMTKJl2mSrEolh1Iomrv6U+JuNwaHXsXx9bLu5gG7BUWFIN0skIQJQ/L1rIex4X6w==}

  '@vue/compiler-core@3.5.28':
    resolution: {integrity: sha512-kviccYxTgoE8n6OCw96BNdYlBg2GOWfBuOW4Vqwrt7mSKWKwFVvI8egdTltqRgITGPsTFYtKYfxIG8ptX2PJHQ==}

  '@vue/compiler-dom@3.5.28':
    resolution: {integrity: sha512-/1ZepxAb159jKR1btkefDP+J2xuWL5V3WtleRmxaT+K2Aqiek/Ab/+Ebrw2pPj0sdHO8ViAyyJWfhXXOP/+LQA==}

  '@vue/compiler-sfc@3.5.28':
    resolution: {integrity: sha512-6TnKMiNkd6u6VeVDhZn/07KhEZuBSn43Wd2No5zaP5s3xm8IqFTHBj84HJah4UepSUJTro5SoqqlOY22FKY96g==}

  '@vue/compiler-ssr@3.5.28':
    resolution: {integrity: sha512-JCq//9w1qmC6UGLWJX7RXzrGpKkroubey/ZFqTpvEIDJEKGgntuDMqkuWiZvzTzTA5h2qZvFBFHY7fAAa9475g==}

  '@vue/reactivity@3.5.28':
    resolution: {integrity: sha512-gr5hEsxvn+RNyu9/9o1WtdYdwDjg5FgjUSBEkZWqgTKlo/fvwZ2+8W6AfKsc9YN2k/+iHYdS9vZYAhpi10kNaw==}

  '@vue/runtime-core@3.5.28':
    resolution: {integrity: sha512-POVHTdbgnrBBIpnbYU4y7pOMNlPn2QVxVzkvEA2pEgvzbelQq4ZOUxbp2oiyo+BOtiYlm8Q44wShHJoBvDPAjQ==}

  '@vue/runtime-dom@3.5.28':
    resolution: {integrity: sha512-4SXxSF8SXYMuhAIkT+eBRqOkWEfPu6nhccrzrkioA6l0boiq7sp18HCOov9qWJA5HML61kW8p/cB4MmBiG9dSA==}

  '@vue/server-renderer@3.5.28':
    resolution: {integrity: sha512-pf+5ECKGj8fX95bNincbzJ6yp6nyzuLDhYZCeFxUNp8EBrQpPpQaLX3nNCp49+UbgbPun3CeVE+5CXVV1Xydfg==}
    peerDependencies:
      vue: 3.5.28

  '@vue/shared@3.5.28':
    resolution: {integrity: sha512-cfWa1fCGBxrvaHRhvV3Is0MgmrbSCxYTXCSCau2I0a1Xw1N1pHAvkWCiXPRAqjvToILvguNyEwjevUqAuBQWvQ==}

  acorn@8.15.0:
    resolution: {integrity: sha512-NZyJarBfL7nWwIq+FDL6Zp/yHEhePMNnnJ0y3qfieCrmNvYct8uvtiV41UvlSe6apAfk0fY1FbWx+NwfmpvtTg==}
    engines: {node: '>=0.4.0'}
    hasBin: true

  aria-query@5.3.2:
    resolution: {integrity: sha512-COROpnaoap1E2F000S62r6A60uHZnmlvomhfyT2DlTcrY1OrBKn2UhH7qn5wTC9zMvD0AY7csdPSNwKP+7WiQw==}
    engines: {node: '>= 0.4'}

  axobject-query@4.1.0:
    resolution: {integrity: sha512-qIj0G9wZbMGNLjLmg1PT6v2mE9AH2zlnADJD/2tC6E00hgmhUOfEB6greHPAfLRSufHqROIUTkw6E+M3lH0PTQ==}
    engines: {node: '>= 0.4'}

  clsx@2.1.1:
    resolution: {integrity: sha512-eYm0QWBtUrBWZWG0d386OGAw16Z995PiOVo2B7bjWSbHedGl5e0ZWaq65kOGgUSNesEIDkB9ISbTg/JK9dhCZA==}
    engines: {node: '>=6'}

  csstype@3.2.3:
    resolution: {integrity: sha512-z1HGKcYy2xA8AGQfwrn0PAy+PB7X/GSj3UVJW9qKyn43xWa+gl5nXmU4qqLMRzWVLFC8KusUX8T/0kCiOYpAIQ==}

  devalue@5.6.2:
    resolution: {integrity: sha512-nPRkjWzzDQlsejL1WVifk5rvcFi/y1onBRxjaFMjZeR9mFpqu2gmAZ9xUB9/IEanEP/vBtGeGganC/GO1fmufg==}

  entities@7.0.1:
    resolution: {integrity: sha512-TWrgLOFUQTH994YUyl1yT4uyavY5nNB5muff+RtWaqNVCAK408b5ZnnbNAUEWLTCpum9w6arT70i1XdQ4UeOPA==}
    engines: {node: '>=0.12'}

  esm-env@1.2.2:
    resolution: {integrity: sha512-Epxrv+Nr/CaL4ZcFGPJIYLWFom+YeV1DqMLHJoEd9SYRxNbaFruBwfEX/kkHUJf55j2+TUbmDcmuilbP1TmXHA==}

  esrap@2.2.3:
    resolution: {integrity: sha512-8fOS+GIGCQZl/ZIlhl59htOlms6U8NvX6ZYgYHpRU/b6tVSh3uHkOHZikl3D4cMbYM0JlpBe+p/BkZEi8J9XIQ==}

  estree-walker@2.0.2:
    resolution: {integrity: sha512-Rfkk/Mp/DL7JVje3u18FxFujQlTNR2q6QfMSMB7AvCBx91NGj/ba3kCfza0f6dVDbw7YlRf/nDrn7pQrCCyQ/w==}

  is-reference@3.0.3:
    resolution: {integrity: sha512-ixkJoqQvAP88E6wLydLGGqCJsrFUnqoH6HnaczB8XmDH1oaWU+xxdptvikTgaEhtZ53Ky6YXiBuUI2WXLMCwjw==}

  locate-character@3.0.0:
    resolution: {integrity: sha512-SW13ws7BjaeJ6p7Q6CO2nchbYEc3X3J6WrmTTDto7yMPqVSZTUyY5Tjbid+Ab8gLnATtygYtiDIJGQRRn2ZOiA==}

  magic-string@0.30.21:
    resolution: {integrity: sha512-vd2F4YUyEXKGcLHoq+TEyCjxueSeHnFxyyjNp80yg0XV4vUhnDer/lvvlqM/arB5bXQN5K2/3oinyCRyx8T2CQ==}

  nanoid@3.3.11:
    resolution: {integrity: sha512-N8SpfPUnUp1bK+PMYW8qSWdl9U+wwNWI4QKxOYDy9JAro3WMX7p2OeVRF9v+347pnakNevPmiHhNmZ2HbFA76w==}
    engines: {node: ^10 || ^12 || ^13.7 || ^14 || >=15.0.1}
    hasBin: true

  picocolors@1.1.1:
    resolution: {integrity: sha512-xceH2snhtb5M9liqDsmEw56le376mTZkEX/jEb/RxNFyegNul7eNslCXP9FDj/Lcu0X8KEyMceP2ntpaHrDEVA==}

  postcss@8.5.6:
    resolution: {integrity: sha512-3Ybi1tAuwAP9s0r1UQ2J4n5Y0G05bJkpUIO0/bI9MhwmD70S5aTWbXGBwxHrelT+XM1k6dM0pk+SwNkpTRN7Pg==}
    engines: {node: ^10 || ^12 || >=14}

  react@19.2.4:
    resolution: {integrity: sha512-9nfp2hYpCwOjAN+8TZFGhtWEwgvWHXqESH8qT89AT/lWklpLON22Lc8pEtnpsZz7VmawabSU0gCjnj8aC0euHQ==}
    engines: {node: '>=0.10.0'}

  seroval-plugins@1.5.0:
    resolution: {integrity: sha512-EAHqADIQondwRZIdeW2I636zgsODzoBDwb3PT/+7TLDWyw1Dy/Xv7iGUIEXXav7usHDE9HVhOU61irI3EnyyHA==}
    engines: {node: '>=10'}
    peerDependencies:
      seroval: ^1.0

  seroval@1.5.0:
    resolution: {integrity: sha512-OE4cvmJ1uSPrKorFIH9/w/Qwuvi/IMcGbv5RKgcJ/zjA/IohDLU6SVaxFN9FwajbP7nsX0dQqMDes1whk3y+yw==}
    engines: {node: '>=10'}

  solid-js@1.9.11:
    resolution: {integrity: sha512-WEJtcc5mkh/BnHA6Yrg4whlF8g6QwpmXXRg4P2ztPmcKeHHlH4+djYecBLhSpecZY2RRECXYUwIc/C2r3yzQ4Q==}

  source-map-js@1.2.1:
    resolution: {integrity: sha512-UXWMKhLOwVKb728IUtQPXxfYU+usdybtUrK/8uGE8CQMvrhOpwvzDBwj0QhSL7MQc7vIsISBG8VQ8+IDQxpfQA==}
    engines: {node: '>=0.10.0'}

  svelte@5.50.3:
    resolution: {integrity: sha512-5JCO8P/cFlwyfi1LeZ9uppMZvuaHWygyZmqxyKOIqbV3PoHKaddvV1C6njL/InpDXplNYZnAVEbn8mLslycBxQ==}
    engines: {node: '>=18'}

  vue@3.5.28:
    resolution: {integrity: sha512-BRdrNfeoccSoIZeIhyPBfvWSLFP4q8J3u8Ju8Ug5vu3LdD+yTM13Sg4sKtljxozbnuMu1NB1X5HBHRYUzFocKg==}
    peerDependencies:
      typescript: '*'
    peerDependenciesMeta:
      typescript:
        optional: true

  zimmerframe@1.1.4:
    resolution: {integrity: sha512-B58NGBEoc8Y9MWWCQGl/gq9xBCe4IiKM0a2x7GZdQKOW5Exr8S1W24J6OgM1njK8xCRGvAJIL/MxXHf6SkmQKQ==}

snapshots:

  '@babel/helper-string-parser@7.27.1': {}

  '@babel/helper-validator-identifier@7.28.5': {}

  '@babel/parser@7.29.0':
    dependencies:
      '@babel/types': 7.29.0

  '@babel/types@7.29.0':
    dependencies:
      '@babel/helper-string-parser': 7.27.1
      '@babel/helper-validator-identifier': 7.28.5

  '@jridgewell/gen-mapping@0.3.13':
    dependencies:
      '@jridgewell/sourcemap-codec': 1.5.5
      '@jridgewell/trace-mapping': 0.3.31

  '@jridgewell/remapping@2.3.5':
    dependencies:
      '@jridgewell/gen-mapping': 0.3.13
      '@jridgewell/trace-mapping': 0.3.31

  '@jridgewell/resolve-uri@3.1.2': {}

  '@jridgewell/sourcemap-codec@1.5.5': {}

  '@jridgewell/trace-mapping@0.3.31':
    dependencies:
      '@jridgewell/resolve-uri': 3.1.2
      '@jridgewell/sourcemap-codec': 1.5.5

  '@sveltejs/acorn-typescript@1.0.9(acorn@8.15.0)':
    dependencies:
      acorn: 8.15.0

  '@types/estree@1.0.8': {}

  '@vue/compiler-core@3.5.28':
    dependencies:
      '@babel/parser': 7.29.0
      '@vue/shared': 3.5.28
      entities: 7.0.1
      estree-walker: 2.0.2
      source-map-js: 1.2.1

  '@vue/compiler-dom@3.5.28':
    dependencies:
      '@vue/compiler-core': 3.5.28
      '@vue/shared': 3.5.28

  '@vue/compiler-sfc@3.5.28':
    dependencies:
      '@babel/parser': 7.29.0
      '@vue/compiler-core': 3.5.28
      '@vue/compiler-dom': 3.5.28
      '@vue/compiler-ssr': 3.5.28
      '@vue/shared': 3.5.28
      estree-walker: 2.0.2
      magic-string: 0.30.21
      postcss: 8.5.6
      source-map-js: 1.2.1

  '@vue/compiler-ssr@3.5.28':
    dependencies:
      '@vue/compiler-dom': 3.5.28
      '@vue/shared': 3.5.28

  '@vue/reactivity@3.5.28':
    dependencies:
      '@vue/shared': 3.5.28

  '@vue/runtime-core@3.5.28':
    dependencies:
      '@vue/reactivity': 3.5.28
      '@vue/shared': 3.5.28

  '@vue/runtime-dom@3.5.28':
    dependencies:
      '@vue/reactivity': 3.5.28
      '@vue/runtime-core': 3.5.28
      '@vue/shared': 3.5.28
      csstype: 3.2.3

  '@vue/server-renderer@3.5.28(vue@3.5.28)':
    dependencies:
      '@vue/compiler-ssr': 3.5.28
      '@vue/shared': 3.5.28
      vue: 3.5.28

  '@vue/shared@3.5.28': {}

  acorn@8.15.0: {}

  aria-query@5.3.2: {}

  axobject-query@4.1.0: {}

  clsx@2.1.1: {}

  csstype@3.2.3: {}

  devalue@5.6.2: {}

  entities@7.0.1: {}

  esm-env@1.2.2: {}

  esrap@2.2.3:
    dependencies:
      '@jridgewell/sourcemap-codec': 1.5.5

  estree-walker@2.0.2: {}

  is-reference@3.0.3:
    dependencies:
      '@types/estree': 1.0.8

  locate-character@3.0.0: {}

  magic-string@0.30.21:
    dependencies:
      '@jridgewell/sourcemap-codec': 1.5.5

  nanoid@3.3.11: {}

  picocolors@1.1.1: {}

  postcss@8.5.6:
    dependencies:
      nanoid: 3.3.11
      picocolors: 1.1.1
      source-map-js: 1.2.1

  react@19.2.4: {}

  seroval-plugins@1.5.0(seroval@1.5.0):
    dependencies:
      seroval: 1.5.0

  seroval@1.5.0: {}

  solid-js@1.9.11:
    dependencies:
      csstype: 3.2.3
      seroval: 1.5.0
      seroval-plugins: 1.5.0(seroval@1.5.0)

  source-map-js@1.2.1: {}

  svelte@5.50.3:
    dependencies:
      '@jridgewell/remapping': 2.3.5
      '@jridgewell/sourcemap-codec': 1.5.5
      '@sveltejs/acorn-typescript': 1.0.9(acorn@8.15.0)
      '@types/estree': 1.0.8
      acorn: 8.15.0
      aria-query: 5.3.2
      axobject-query: 4.1.0
      clsx: 2.1.1
      devalue: 5.6.2
      esm-env: 1.2.2
      esrap: 2.2.3
      is-reference: 3.0.3
      locate-character: 3.0.0
      magic-string: 0.30.21
      zimmerframe: 1.1.4

  vue@3.5.28:
    dependencies:
      '@vue/compiler-dom': 3.5.28
      '@vue/compiler-sfc': 3.5.28
      '@vue/runtime-dom': 3.5.28
      '@vue/server-renderer': 3.5.28(vue@3.5.28)
      '@vue/shared': 3.5.28

  zimmerframe@1.1.4: {}
